{
    "_meta": {
        "hash": {
            "sha256": "9d6d2508a6fd05fe5729bdc7245855043a4a8850061e5e9f3b266fad0021e178"
        },
        "pipfile-spec": 6,
        "requires": {
            "python_version": "3.7"
        },
        "sources": [
            {
                "name": "pypi",
                "url": "https://pypi.tuna.tsinghua.edu.cn/simple/",
                "verify_ssl": true
            }
        ]
    },
    "default": {
        "atomicwrites": {
            "hashes": [
                "sha256:6d1784dea7c0c8d4a5172b6c620f40b6e4cbfdf96d783691f2e1302a7b88e197",
                "sha256:ae70396ad1a434f9c7046fd2dd196fc04b12f9e91ffb859164193be8b6168a7a"
            ],
            "markers": "python_version >= '2.7' and python_version not in '3.0, 3.1, 3.2, 3.3'",
            "version": "==1.4.0"
        },
        "attrs": {
            "hashes": [
                "sha256:149e90d6d8ac20db7a955ad60cf0e6881a3f20d37096140088356da6c716b0b1",
                "sha256:ef6aaac3ca6cd92904cdd0d83f629a15f18053ec84e6432106f7a4d04ae4f5fb"
            ],
            "markers": "python_version >= '2.7' and python_version not in '3.0, 3.1, 3.2, 3.3, 3.4'",
            "version": "==21.2.0"
        },
        "automat": {
            "hashes": [
                "sha256:7979803c74610e11ef0c0d68a2942b152df52da55336e0c9d58daf1831cbdf33",
                "sha256:b6feb6455337df834f6c9962d6ccf771515b7d939bca142b29c20c2376bc6111"
            ],
            "version": "==20.2.0"
        },
        "certifi": {
            "hashes": [
                "sha256:78884e7c1d4b00ce3cea67b44566851c4343c120abd683433ce934a68ea58872",
                "sha256:d62a0163eb4c2344ac042ab2bdf75399a71a2d8c7d47eac2e2ee91b9d6339569"
            ],
            "version": "==2021.10.8"
        },
        "cffi": {
            "hashes": [
                "sha256:920f0d66a896c2d99f0adbb391f990a84091179542c205fa53ce5787aff87954",
                "sha256:fd8a250edc26254fe5b33be00402e6d287f562b6a5b2152dec302fa15bb3e997"
            ],
            "version": "==1.15.0"
        },
        "chardet": {
            "hashes": [
                "sha256:84ab92ed1c4d4f16916e05906b6b75a6c0fb5db821cc65e70cbd64a3e2a5eaae",
                "sha256:fc323ffcaeaed0e0a02bf4d117757b98aed530d9ed4531e3e15460124c106691"
            ],
            "version": "==3.0.4"
        },
        "constantly": {
            "hashes": [
                "sha256:586372eb92059873e29eba4f9dec8381541b4d3834660707faf8ba59146dfc35",
                "sha256:dd2fa9d6b1a51a83f0d7dd76293d734046aa176e384bf6e33b7e44880eb37c5d"
            ],
            "version": "==15.1.0"
        },
        "cryptography": {
            "hashes": [
                "sha256:52f769ecb4ef39865719aedc67b4b7eae167bafa48dbc2a26dd36fa56460507f",
                "sha256:6fbbbb8aab4053fa018984bb0e95a16faeb051dd8cca15add2a27e267ba02b58",
                "sha256:b17d83b3d1610e571fedac21b2eb36b816654d6f7496004d6a0d32f99d1d8120",
                "sha256:d91bc9f535599bed58f6d2e21a2724cb0c3895bf41c6403fe881391d29096f1d"
            ],
            "markers": "python_version >= '3.6'",
            "version": "==36.0.0"
        },
        "cssselect": {
            "hashes": [
                "sha256:f612ee47b749c877ebae5bb77035d8f4202c6ad0f0fc1271b3c18ad6c4468ecf",
                "sha256:f95f8dedd925fd8f54edb3d2dfb44c190d9d18512377d3c1e2388d16126879bc"
            ],
            "markers": "python_version >= '2.7' and python_version not in '3.0, 3.1, 3.2, 3.3'",
            "version": "==1.1.0"
        },
        "elasticsearch": {
            "hashes": [
                "sha256:693935914d59a517dfffdaab547ff906712a386d9e25027517464960221cbd4c",
                "sha256:7644fa0a9ae524344185bda561826a781a5c6bd4d3eb98a24515c567aab88327"
            ],
            "index": "pypi",
            "version": "==7.0.5"
        },
        "hyperlink": {
            "hashes": [
                "sha256:427af957daa58bc909471c6c40f74c5450fa123dd093fc53efd2e91d2705a56b",
                "sha256:e6b14c37ecb73e89c77d78cdb4c2cc8f3fb59a885c5b3f819ff4ed80f25af1b4"
            ],
            "version": "==21.0.0"
        },
        "idna": {
            "hashes": [
                "sha256:c357b3f628cf53ae2c4c05627ecc484553142ca23264e593d327bcde5e9c3407",
                "sha256:ea8b7f6188e6fa117537c3df7da9fc686d485087abf6ac197f9c46432f7e4a3c"
            ],
            "version": "==2.8"
        },
        "importlib-metadata": {
            "hashes": [
                "sha256:53ccfd5c134223e497627b9815d5030edf77d2ed573922f7a0b8f8bb81a1c100",
                "sha256:75bdec14c397f528724c1bfd9709d660b33a4d2e77387a3358f20b848bb5e5fb"
            ],
            "markers": "python_version < '3.8'",
            "version": "==4.8.2"
        },
        "incremental": {
            "hashes": [
                "sha256:02f5de5aff48f6b9f665d99d48bfc7ec03b6e3943210de7cfc88856d755d6f57",
                "sha256:92014aebc6a20b78a8084cdd5645eeaa7f74b8933f70fa3ada2cfbd1e3b54321"
            ],
            "version": "==21.3.0"
        },
        "lxml": {
            "hashes": [
                "sha256:46515773570a33eae13e451c8fcf440222ef24bd3b26f40774dd0bd8b6db15b2",
                "sha256:6e84edecc3a82f90d44ddee2ee2a2630d4994b8471816e226d2b771cda7ac4ca",
                "sha256:c580c2a61d8297a6e47f4d01f066517dbb019be98032880d19ece7f337a9401d"
            ],
            "index": "pypi",
            "version": "==4.6.5"
        },
        "more-itertools": {
            "hashes": [
                "sha256:43e6dd9942dffd72661a2c4ef383ad7da1e6a3e968a927ad7a6083ab410a688b",
                "sha256:7dc6ad46f05f545f900dd59e8dfb4e84a4827b97b3cfecb175ea0c7d247f6064"
            ],
            "markers": "python_version >= '3.5'",
            "version": "==8.12.0"
        },
        "motor": {
            "hashes": [
                "sha256:462fbb824f4289481c158227a2579d6adaf1ec7c70cf7ebe60ed6ceb321e5869",
                "sha256:d035c09ab422bc50bf3efb134f7405694cae76268545bd21e14fb22e2638f84e"
            ],
            "index": "pypi",
            "version": "==2.0.0"
        },
        "numpy": {
            "hashes": [
                "sha256:5d95668e727c75b3f5088ec7700e260f90ec83f488e4c0aaccb941148b2cd377",
                "sha256:e6c76a87633aa3fa16614b61ccedfae45b91df2767cf097aa9c933932a7ed1e0"
            ],
            "markers": "python_version < '3.11' and python_version >= '3.7'",
            "version": "==1.21.4"
        },
        "packaging": {
            "hashes": [
                "sha256:dd47c42927d89ab911e606518907cc2d3a1f38bbd026385970643f9c5b8ecfeb",
                "sha256:ef103e05f519cdc783ae24ea4e2e0f508a9c99b2d4969652eed6a2e1ea5bd522"
            ],
            "markers": "python_version >= '3.6'",
            "version": "==21.3"
        },
        "pandas": {
            "hashes": [
                "sha256:18d91a9199d1dfaa01ad645f7540370ba630bdcef09daaf9edf45b4b1bca0232",
                "sha256:3f26e5da310a0c0b83ea50da1fd397de2640b02b424aa69be7e0784228f656c9",
                "sha256:4182e32f4456d2c64619e97c58571fa5ca0993d1e8c2d9ca44916185e1726e15",
                "sha256:426e590e2eb0e60f765271d668a30cf38b582eaae5ec9b31229c8c3c10c5bc21",
                "sha256:5eb934a8f0dc358f0e0cdf314072286bbac74e4c124b64371395e94644d5d919",
                "sha256:717928808043d3ea55b9bcde636d4a52d2236c246f6df464163a66ff59980ad8",
                "sha256:8145f97c5ed71827a6ec98ceaef35afed1377e2d19c4078f324d209ff253ecb5",
                "sha256:8744c84c914dcc59cbbb2943b32b7664df1039d99e834e1034a3372acb89ea4d",
                "sha256:c1ac1d9590d0c9314ebf01591bd40d4c03d710bfc84a3889e5263c97d7891dee",
                "sha256:cb2e197b7b0687becb026b84d3c242482f20cbb29a9981e43604eb67576da9f6",
                "sha256:d4001b71ad2c9b84ff18b182cea22b7b6cbf624216da3ea06fb7af28d1f93165",
                "sha256:d8930772adccb2882989ab1493fa74bd87d47c8ac7417f5dd3dd834ba8c24dc9",
                "sha256:dfbb0173ee2399bc4ed3caf2d236e5c0092f948aafd0a15fbe4a0e77ee61a958",
                "sha256:eebfbba048f4fa8ac711b22c78516e16ff8117d05a580e7eeef6b0c2be554c18",
                "sha256:f1b21bc5cf3dbea53d33615d1ead892dfdae9d7052fa8898083bec88be20dcd2"
            ],
            "index": "pypi",
            "version": "==0.25.1"
        },
        "parsel": {
            "hashes": [
                "sha256:70efef0b651a996cceebc69e55a85eb2233be0890959203ba7c3a03c72725c79",
                "sha256:9e1fa8db1c0b4a878bf34b35c043d89c9d1cbebc23b4d34dbc3c0ec33f2e087d"
            ],
            "version": "==1.6.0"
        },
        "pluggy": {
            "hashes": [
                "sha256:15b2acde666561e1298d71b523007ed7364de07029219b604cf808bfa1c765b0",
                "sha256:966c145cd83c96502c3c3868f50408687b38434af77734af1e9ca461a4081d2d"
            ],
            "markers": "python_version >= '2.7' and python_version not in '3.0, 3.1, 3.2, 3.3'",
            "version": "==0.13.1"
        },
        "psutil": {
            "hashes": [
                "sha256:028a1ec3c6197eadd11e7b46e8cc2f0720dc18ac6d7aabdb8e8c0d6c9704f000",
                "sha256:503e4b20fa9d3342bcf58191bbc20a4a5ef79ca7df8972e6197cc14c5513e73d",
                "sha256:863a85c1c0a5103a12c05a35e59d336e1d665747e531256e061213e2e90f63f3",
                "sha256:954f782608bfef9ae9f78e660e065bd8ffcfaea780f9f2c8a133bb7cb9e826d7",
                "sha256:b6e08f965a305cd84c2d07409bc16fbef4417d67b70c53b299116c5b895e3f45",
                "sha256:bc96d437dfbb8865fc8828cf363450001cb04056bbdcdd6fc152c436c8a74c61",
                "sha256:cf49178021075d47c61c03c0229ac0c60d5e2830f8cab19e2d88e579b18cdb76",
                "sha256:d5350cb66690915d60f8b233180f1e49938756fb2d501c93c44f8fb5b970cc63",
                "sha256:eba238cf1989dfff7d483c029acb0ac4fcbfc15de295d682901f0e2497e6781a"
            ],
            "index": "pypi",
            "version": "==5.6.3"
        },
        "psycopg2": {
            "hashes": [
                "sha256:128d0fa910ada0157bba1cb74a9c5f92bb8a1dca77cf91a31eb274d1f889e001",
                "sha256:227fd46cf9b7255f07687e5bde454d7d67ae39ca77e170097cdef8ebfc30c323",
                "sha256:2315e7f104681d498ccf6fd70b0dba5bce65d60ac92171492bfe228e21dcc242",
                "sha256:4b5417dcd2999db0f5a891d54717cfaee33acc64f4772c4bc574d4ff95ed9d80",
                "sha256:640113ddc943522aaf71294e3f2d24013b0edd659b7820621492c9ebd3a2fb0b",
                "sha256:897a6e838319b4bf648a574afb6cabcb17d0488f8c7195100d48d872419f4457",
                "sha256:8dceca81409898c870e011c71179454962dec152a1a6b86a347f4be74b16d864",
                "sha256:b1b8e41da09a0c3ef0b3d4bb72da0dde2abebe583c1e8462973233fd5ad0235f",
                "sha256:cb407fccc12fc29dc331f2b934913405fa49b9b75af4f3a72d0f50f57ad2ca23",
                "sha256:d3a27550a8185e53b244ad7e79e307594b92fede8617d80200a8cce1fba2c60f",
                "sha256:f0e6b697a975d9d3ccd04135316c947dd82d841067c7800ccf622a8717e98df1"
            ],
            "index": "pypi",
            "version": "==2.8.3"
        },
        "py": {
            "hashes": [
                "sha256:51c75c4126074b472f746a24399ad32f6053d1b34b68d2fa41e558e6f4a98719",
                "sha256:607c53218732647dff4acdfcd50cb62615cedf612e72d1724fb1a0cc6405b378"
            ],
            "markers": "python_version >= '2.7' and python_version not in '3.0, 3.1, 3.2, 3.3, 3.4'",
            "version": "==1.11.0"
        },
        "py4j": {
            "hashes": [
                "sha256:51d994ae19a3eb35eaa45851081e25922500d59875606bf27ac0d40929724939",
                "sha256:8329bb156a0cf37be9642a2a060dbdb627b5fcb827919be65d95102daccca274"
            ],
            "index": "pypi",
            "version": "==0.10.8.1"
        },
        "pyasn1": {
            "hashes": [
                "sha256:39c7e2ec30515947ff4e87fb6f456dfc6e84857d34be479c9d4a4ba4bf46aa5d",
                "sha256:aef77c9fb94a3ac588e87841208bdec464471d9871bd5050a287cc9a475cd0ba"
            ],
            "version": "==0.4.8"
        },
        "pyasn1-modules": {
            "hashes": [
                "sha256:905f84c712230b2c592c19470d3ca8d552de726050d1d1716282a1f6146be65e",
                "sha256:a50b808ffeb97cb3601dd25981f6b016cbb3d31fbf57a8b8a87428e6158d0c74"
            ],
            "version": "==0.2.8"
        },
        "pycparser": {
            "hashes": [
                "sha256:8ee45429555515e1f6b185e78100aea234072576aa43ab53aefcae078162fca9",
                "sha256:e644fdec12f7872f86c58ff790da456218b10f863970249516d60a5eaca77206"
            ],
            "version": "==2.21"
        },
        "pydispatcher": {
            "hashes": [
                "sha256:5570069e1b1769af1fe481de6dd1d3a388492acddd2cdad7a3bde145615d5caf",
                "sha256:5be4a8be12805ef7d712dd9a93284fb8bc53f309867e573f653a72e5fd10e433"
            ],
            "version": "==2.0.5"
        },
        "pymongo": {
            "hashes": [
                "sha256:0a89cadc0062a5e53664dde043f6c097172b8c1c5f0094490095282ff9995a5f",
                "sha256:145d78c345a38011497e55aff22c0f8edd40ee676a6810f7e69563d68a125e83",
                "sha256:295a5beaecb7bf054c1c6a28749ed72b19f4d4b61edcd8a0815d892424baf780",
                "sha256:6526933760ee1e6090db808f1690a111ec409699c1990efc96f134d26925c37f",
                "sha256:6f93dbfa5a461107bc3f5026e0d5180499e13379e9404f07a9f79eb5e9e1303d"
            ],
            "version": "==3.12.3"
        },
        "pyopenssl": {
            "hashes": [
                "sha256:5e2d8c5e46d0d865ae933bef5230090bdaf5506281e9eec60fa250ee80600cb3",
                "sha256:8935bd4920ab9abfebb07c41a4f58296407ed77f04bd1a92914044b848ba1ed6"
            ],
            "markers": "python_version >= '2.7' and python_version not in '3.0, 3.1, 3.2, 3.3, 3.4, 3.5'",
            "version": "==21.0.0"
        },
        "pyparsing": {
            "hashes": [
                "sha256:04ff808a5b90911829c55c4e26f75fa5ca8a2f5f36aa3a51f68e27033341d3e4",
                "sha256:d9bdec0013ef1eb5a84ab39a3b3868911598afa494f5faa038647101504e2b81"
            ],
            "markers": "python_version >= '3.6'",
            "version": "==3.0.6"
        },
        "pytest": {
            "hashes": [
                "sha256:7e4800063ccfc306a53c461442526c5571e1462f61583506ce97e4da6a1d88c8",
                "sha256:ca563435f4941d0cb34767301c27bc65c510cb82e90b9ecf9cb52dc2c63caaa0"
            ],
            "index": "pypi",
            "version": "==5.2.1"
        },
        "python-dateutil": {
            "hashes": [
                "sha256:0123cacc1627ae19ddf3c27a5de5bd67ee4586fbdd6440d9748f8abb483d3e86",
                "sha256:961d03dc3453ebbc59dbdea9e4e11c5651520a876d0f4db161e8674aae935da9"
            ],
            "markers": "python_version >= '2.7' and python_version not in '3.0, 3.1, 3.2, 3.3'",
            "version": "==2.8.2"
        },
        "pytz": {
            "hashes": [
                "sha256:3672058bc3453457b622aab7a1c3bfd5ab0bdae451512f6cf25f64ed37f5b87c",
                "sha256:acad2d8b20a1af07d4e4c9d2e9285c5ed9104354062f275f3fcd88dcef4f1326"
            ],
            "version": "==2021.3"
        },
        "queuelib": {
            "hashes": [
                "sha256:4b207267f2642a8699a1f806045c56eb7ad1a85a10c0e249884580d139c2fcd2",
                "sha256:4b96d48f650a814c6fb2fd11b968f9c46178b683aad96d68f930fe13a8574d19"
            ],
            "markers": "python_version >= '3.5'",
            "version": "==1.6.2"
        },
        "redis": {
            "hashes": [
                "sha256:3613daad9ce5951e426f460deddd5caf469e08a3af633e9578fc77d362becf62",
                "sha256:8d0fc278d3f5e1249967cba2eb4a5632d19e45ce5c09442b8422d15ee2c22cc2"
            ],
            "index": "pypi",
            "version": "==3.3.11"
        },
        "requests": {
            "hashes": [
                "sha256:11e007a8a2aa0323f5a921e9e6a2d7e4e67d9877e85773fba9ba6419025cbeb4",
                "sha256:9cf5292fcd0f598c671cfc1e0d7d1a7f13bb8085e9a590f48c010551dc6c4b31"
            ],
            "index": "pypi",
            "version": "==2.22.0"
        },
        "scrapy": {
            "hashes": [
                "sha256:1d2b2672049c3e7ebcab9736bbf759ec32d4cbf598292067737806453c208f95",
                "sha256:fe5a40177960e97d42d1c752a73edb40f76a85a24076dec8535cffa499eb08c8"
            ],
            "index": "pypi",
            "version": "==1.7.3"
        },
        "scrapy-redis": {
            "hashes": [
                "sha256:1508dfb29141a7eb562e303a12d2733fd490dee866f7fabe3bee3e5c5bef6df8",
                "sha256:b6991f2c0b2a72cd211296756acd03b9a7695fc437f5adbc3770d2e035979707"
            ],
            "index": "pypi",
            "version": "==0.6.8"
        },
        "service-identity": {
            "hashes": [
                "sha256:6e6c6086ca271dc11b033d17c3a8bea9f24ebff920c587da090afc9519419d34",
                "sha256:f0b0caac3d40627c3c04d7a51b6e06721857a0e10a8775f2d1d7e72901b3a7db"
            ],
            "version": "==21.1.0"
        },
        "setuptools": {
            "hashes": [
                "sha256:22c7348c6d2976a52632c67f7ab0cdf40147db7789f9aed18734643fe9cf3373",
                "sha256:4ce92f1e1f8f01233ee9952c04f6b81d1e02939d6e1b488428154974a4d0783e"
            ],
            "markers": "python_version >= '3.6'",
            "version": "==59.6.0"
        },
        "six": {
            "hashes": [
                "sha256:1e61c37477a1626458e36f7b1d82aa5c9b094fa4802892072e49de9c60c4c926",
                "sha256:8abb2f1d86890a2dfb989f9a77cfcfd3e47c2a354b01111771326f8aa26e0254"
            ],
            "markers": "python_version >= '2.7' and python_version not in '3.0, 3.1, 3.2, 3.3'",
            "version": "==1.16.0"
        },
        "twisted": {
            "hashes": [
                "sha256:13c1d1d2421ae556d91e81e66cf0d4f4e4e1e4a36a0486933bee4305c6a4fb9b",
                "sha256:2cd652542463277378b0d349f47c62f20d9306e57d1247baabd6d1d38a109006"
            ],
            "markers": "python_version != '3.4'",
            "version": "==21.7.0"
        },
        "typing-extensions": {
            "hashes": [
                "sha256:4ca091dea149f945ec56afb48dae714f21e8692ef22a395223bcd328961b6a0e",
                "sha256:7f001e5ac290a0c0401508864c7ec868be4e701886d5b573a9528ed3973d9d3b"
            ],
            "markers": "python_version < '3.8'",
            "version": "==4.0.1"
        },
        "urllib3": {
            "hashes": [
                "sha256:8d7eaa5a82a1cac232164990f04874c594c9453ec55eef02eab885aa02fc17a2",
                "sha256:f5321fbe4bf3fefa0efd0bfe7fb14e90909eb62a48ccda331726b4319897dd5e"
            ],
            "markers": "python_version >= '2.7' and python_version not in '3.0, 3.1, 3.2, 3.3, 3.4' and python_version < '4'",
            "version": "==1.25.11"
        },
        "w3lib": {
            "hashes": [
                "sha256:0161d55537063e00d95a241663ede3395c4c6d7b777972ba2fd58bbab2001e53",
                "sha256:0ad6d0203157d61149fd45aaed2e24f53902989c32fc1dccc2e2bfba371560df"
            ],
            "version": "==1.22.0"
        },
        "wcwidth": {
            "hashes": [
                "sha256:beb4802a9cebb9144e99086eff703a642a13d6a0052920003a230f3294bbe784",
                "sha256:c4d647b99872929fdb7bdcaa4fbe7f01413ed3d98077df798530e5b04f116c83"
            ],
            "version": "==0.2.5"
        },
        "yapf": {
            "hashes": [
                "sha256:02ace10a00fa2e36c7ebd1df2ead91dbfbd7989686dc4ccbdc549e95d19f5780",
                "sha256:6f94b6a176a7c114cfa6bad86d40f259bbe0f10cf2fa7f2f4b3596fc5802a41b"
            ],
            "index": "pypi",
            "version": "==0.28.0"
        },
        "zipp": {
            "hashes": [
                "sha256:71c644c5369f4a6e07636f0aa966270449561fcea2e3d6747b8d23efaa9d7832",
                "sha256:9fe5ea21568a0a70e50f273397638d39b03353731e6cbbb3fd8502a33fec40bc"
            ],
            "markers": "python_version >= '3.6'",
            "version": "==3.6.0"
        },
        "zope.interface": {
            "hashes": [
                "sha256:5dba5f530fec3f0988d83b78cc591b58c0b6eb8431a85edd1569a0539a8a5a0e",
                "sha256:5f931a1c21dfa7a9c573ec1f50a31135ccce84e32507c54e1ea404894c5eb96f",
                "sha256:8270252effc60b9642b423189a2fe90eb6b59e87cbee54549db3f5562ff8d1b8"
            ],
            "markers": "python_version >= '2.7' and python_version not in '3.0, 3.1, 3.2, 3.3, 3.4'",
            "version": "==5.4.0"
        }
    },
    "develop": {}
}
