{
    "_meta": {
        "hash": {
            "sha256": "9d6d2508a6fd05fe5729bdc7245855043a4a8850061e5e9f3b266fad0021e178"
        },
        "pipfile-spec": 6,
        "requires": {
            "python_version": "3.7"
        },
        "sources": [
            {
                "name": "pypi",
                "url": "https://pypi.tuna.tsinghua.edu.cn/simple/",
                "verify_ssl": true
            }
        ]
    },
    "default": {
        "atomicwrites": {
            "hashes": [
                "sha256:6d1784dea7c0c8d4a5172b6c620f40b6e4cbfdf96d783691f2e1302a7b88e197",
                "sha256:ae70396ad1a434f9c7046fd2dd196fc04b12f9e91ffb859164193be8b6168a7a"
            ],
            "version": "==1.4.0"
        },
        "attrs": {
            "hashes": [
                "sha256:26b54ddbbb9ee1d34d5d3668dd37d6cf74990ab23c828c2888dccdceee395594",
                "sha256:fce7fc47dfc976152e82d53ff92fa0407700c21acd20886a13777a0d20e655dc"
            ],
            "version": "==20.2.0"
        },
        "automat": {
            "hashes": [
                "sha256:7979803c74610e11ef0c0d68a2942b152df52da55336e0c9d58daf1831cbdf33",
                "sha256:b6feb6455337df834f6c9962d6ccf771515b7d939bca142b29c20c2376bc6111"
            ],
            "version": "==20.2.0"
        },
        "certifi": {
            "hashes": [
                "sha256:5930595817496dd21bb8dc35dad090f1c2cd0adfaf21204bf6732ca5d8ee34d3",
                "sha256:8fc0819f1f30ba15bdb34cceffb9ef04d99f420f68eb75d901e9560b8749fc41"
            ],
            "version": "==2020.6.20"
        },
        "cffi": {
            "hashes": [
                "sha256:005f2bfe11b6745d726dbb07ace4d53f057de66e336ff92d61b8c7e9c8f4777d",
                "sha256:09e96138280241bd355cd585148dec04dbbedb4f46128f340d696eaafc82dd7b",
                "sha256:0b1ad452cc824665ddc682400b62c9e4f5b64736a2ba99110712fdee5f2505c4",
                "sha256:0ef488305fdce2580c8b2708f22d7785ae222d9825d3094ab073e22e93dfe51f",
                "sha256:15f351bed09897fbda218e4db5a3d5c06328862f6198d4fb385f3e14e19decb3",
                "sha256:22399ff4870fb4c7ef19fff6eeb20a8bbf15571913c181c78cb361024d574579",
                "sha256:23e5d2040367322824605bc29ae8ee9175200b92cb5483ac7d466927a9b3d537",
                "sha256:2791f68edc5749024b4722500e86303a10d342527e1e3bcac47f35fbd25b764e",
                "sha256:2f9674623ca39c9ebe38afa3da402e9326c245f0f5ceff0623dccdac15023e05",
                "sha256:3363e77a6176afb8823b6e06db78c46dbc4c7813b00a41300a4873b6ba63b171",
                "sha256:33c6cdc071ba5cd6d96769c8969a0531be2d08c2628a0143a10a7dcffa9719ca",
                "sha256:3b8eaf915ddc0709779889c472e553f0d3e8b7bdf62dab764c8921b09bf94522",
                "sha256:3cb3e1b9ec43256c4e0f8d2837267a70b0e1ca8c4f456685508ae6106b1f504c",
                "sha256:3eeeb0405fd145e714f7633a5173318bd88d8bbfc3dd0a5751f8c4f70ae629bc",
                "sha256:44f60519595eaca110f248e5017363d751b12782a6f2bd6a7041cba275215f5d",
                "sha256:4d7c26bfc1ea9f92084a1d75e11999e97b62d63128bcc90c3624d07813c52808",
                "sha256:529c4ed2e10437c205f38f3691a68be66c39197d01062618c55f74294a4a4828",
                "sha256:6642f15ad963b5092d65aed022d033c77763515fdc07095208f15d3563003869",
                "sha256:85ba797e1de5b48aa5a8427b6ba62cf69607c18c5d4eb747604b7302f1ec382d",
                "sha256:8f0f1e499e4000c4c347a124fa6a27d37608ced4fe9f7d45070563b7c4c370c9",
                "sha256:a624fae282e81ad2e4871bdb767e2c914d0539708c0f078b5b355258293c98b0",
                "sha256:b0358e6fefc74a16f745afa366acc89f979040e0cbc4eec55ab26ad1f6a9bfbc",
                "sha256:bbd2f4dfee1079f76943767fce837ade3087b578aeb9f69aec7857d5bf25db15",
                "sha256:bf39a9e19ce7298f1bd6a9758fa99707e9e5b1ebe5e90f2c3913a47bc548747c",
                "sha256:c11579638288e53fc94ad60022ff1b67865363e730ee41ad5e6f0a17188b327a",
                "sha256:c150eaa3dadbb2b5339675b88d4573c1be3cb6f2c33a6c83387e10cc0bf05bd3",
                "sha256:c53af463f4a40de78c58b8b2710ade243c81cbca641e34debf3396a9640d6ec1",
                "sha256:cb763ceceae04803adcc4e2d80d611ef201c73da32d8f2722e9d0ab0c7f10768",
                "sha256:cc75f58cdaf043fe6a7a6c04b3b5a0e694c6a9e24050967747251fb80d7bce0d",
                "sha256:d80998ed59176e8cba74028762fbd9b9153b9afc71ea118e63bbf5d4d0f9552b",
                "sha256:de31b5164d44ef4943db155b3e8e17929707cac1e5bd2f363e67a56e3af4af6e",
                "sha256:e66399cf0fc07de4dce4f588fc25bfe84a6d1285cc544e67987d22663393926d",
                "sha256:f0620511387790860b249b9241c2f13c3a80e21a73e0b861a2df24e9d6f56730",
                "sha256:f4eae045e6ab2bb54ca279733fe4eb85f1effda392666308250714e01907f394",
                "sha256:f92cdecb618e5fa4658aeb97d5eb3d2f47aa94ac6477c6daf0f306c5a3b9e6b1",
                "sha256:f92f789e4f9241cd262ad7a555ca2c648a98178a953af117ef7fad46aa1d5591"
            ],
            "version": "==1.14.3"
        },
        "chardet": {
            "hashes": [
                "sha256:84ab92ed1c4d4f16916e05906b6b75a6c0fb5db821cc65e70cbd64a3e2a5eaae",
                "sha256:fc323ffcaeaed0e0a02bf4d117757b98aed530d9ed4531e3e15460124c106691"
            ],
            "version": "==3.0.4"
        },
        "constantly": {
            "hashes": [
                "sha256:586372eb92059873e29eba4f9dec8381541b4d3834660707faf8ba59146dfc35",
                "sha256:dd2fa9d6b1a51a83f0d7dd76293d734046aa176e384bf6e33b7e44880eb37c5d"
            ],
            "version": "==15.1.0"
        },
        "cryptography": {
            "hashes": [
                "sha256:22f8251f68953553af4f9c11ec5f191198bc96cff9f0ac5dd5ff94daede0ee6d",
                "sha256:284e275e3c099a80831f9898fb5c9559120d27675c3521278faba54e584a7832",
                "sha256:3e17d02941c0f169c5b877597ca8be895fca0e5e3eb882526a74aa4804380a98",
                "sha256:52a47e60953679eea0b4d490ca3c241fb1b166a7b161847ef4667dfd49e7699d",
                "sha256:57b8c1ed13b8aa386cabbfde3be175d7b155682470b0e259fecfe53850967f8a",
                "sha256:6a8f64ed096d13f92d1f601a92d9fd1f1025dc73a2ca1ced46dcf5e0d4930943",
                "sha256:6e8a3c7c45101a7eeee93102500e1b08f2307c717ff553fcb3c1127efc9b6917",
                "sha256:7ef41304bf978f33cfb6f43ca13bb0faac0c99cda33693aa20ad4f5e34e8cb8f",
                "sha256:87c2fffd61e934bc0e2c927c3764c20b22d7f5f7f812ee1a477de4c89b044ca6",
                "sha256:88069392cd9a1e68d2cfd5c3a2b0d72a44ef3b24b8977a4f7956e9e3c4c9477a",
                "sha256:8a0866891326d3badb17c5fd3e02c926b635e8923fa271b4813cd4d972a57ff3",
                "sha256:8f0fd8b0751d75c4483c534b209e39e918f0d14232c0d8a2a76e687f64ced831",
                "sha256:9a07e6d255053674506091d63ab4270a119e9fc83462c7ab1dbcb495b76307af",
                "sha256:9a8580c9afcdcddabbd064c0a74f337af74ff4529cdf3a12fa2e9782d677a2e5",
                "sha256:bd80bc156d3729b38cb227a5a76532aef693b7ac9e395eea8063ee50ceed46a5",
                "sha256:d1cbc3426e6150583b22b517ef3720036d7e3152d428c864ff0f3fcad2b97591",
                "sha256:e15ac84dcdb89f92424cbaca4b0b34e211e7ce3ee7b0ec0e4f3c55cee65fae5a",
                "sha256:e4789b84f8dedf190148441f7c5bfe7244782d9cbb194a36e17b91e7d3e1cca9",
                "sha256:f01c9116bfb3ad2831e125a73dcd957d173d6ddca7701528eff1e7d97972872c",
                "sha256:f0e3986f6cce007216b23c490f093f35ce2068f3c244051e559f647f6731b7ae",
                "sha256:f2aa3f8ba9e2e3fd49bd3de743b976ab192fbf0eb0348cebde5d2a9de0090a9f",
                "sha256:fb70a4cedd69dc52396ee114416a3656e011fb0311fca55eb55c7be6ed9c8aef"
            ],
            "index": "pypi",
            "version": "==3.2"
        },
        "cssselect": {
            "hashes": [
                "sha256:f612ee47b749c877ebae5bb77035d8f4202c6ad0f0fc1271b3c18ad6c4468ecf",
                "sha256:f95f8dedd925fd8f54edb3d2dfb44c190d9d18512377d3c1e2388d16126879bc"
            ],
            "version": "==1.1.0"
        },
        "elasticsearch": {
            "hashes": [
                "sha256:693935914d59a517dfffdaab547ff906712a386d9e25027517464960221cbd4c",
                "sha256:7644fa0a9ae524344185bda561826a781a5c6bd4d3eb98a24515c567aab88327"
            ],
            "index": "pypi",
            "version": "==7.0.5"
        },
        "hyperlink": {
            "hashes": [
                "sha256:47fcc7cd339c6cb2444463ec3277bdcfe142c8b1daf2160bdd52248deec815af",
                "sha256:c528d405766f15a2c536230de7e160b65a08e20264d8891b3eb03307b0df3c63"
            ],
            "version": "==20.0.1"
        },
        "idna": {
            "hashes": [
                "sha256:c357b3f628cf53ae2c4c05627ecc484553142ca23264e593d327bcde5e9c3407",
                "sha256:ea8b7f6188e6fa117537c3df7da9fc686d485087abf6ac197f9c46432f7e4a3c"
            ],
            "version": "==2.8"
        },
        "importlib-metadata": {
            "hashes": [
                "sha256:77a540690e24b0305878c37ffd421785a6f7e53c8b5720d211b211de8d0e95da",
                "sha256:cefa1a2f919b866c5beb7c9f7b0ebb4061f30a8a9bf16d609b000e2dfaceb9c3"
            ],
            "markers": "python_version < '3.8'",
            "version": "==2.0.0"
        },
        "incremental": {
            "hashes": [
                "sha256:717e12246dddf231a349175f48d74d93e2897244939173b01974ab6661406b9f",
                "sha256:7b751696aaf36eebfab537e458929e194460051ccad279c72b755a167eebd4b3"
            ],
            "version": "==17.5.0"
        },
        "lxml": {
            "hashes": [
                "sha256:02ca7bf899da57084041bb0f6095333e4d239948ad3169443f454add9f4e9cb4",
                "sha256:096b82c5e0ea27ce9138bcbb205313343ee66a6e132f25c5ed67e2c8d960a1bc",
                "sha256:0a920ff98cf1aac310470c644bc23b326402d3ef667ddafecb024e1713d485f1",
                "sha256:1409b14bf83a7d729f92e2a7fbfe7ec929d4883ca071b06e95c539ceedb6497c",
                "sha256:17cae1730a782858a6e2758fd20dd0ef7567916c47757b694a06ffafdec20046",
                "sha256:17e3950add54c882e032527795c625929613adbd2ce5162b94667334458b5a36",
                "sha256:1f4f214337f6ee5825bf90a65d04d70aab05526c08191ab888cb5149501923c5",
                "sha256:2e8f77db25b0a96af679e64ff9bf9dddb27d379c9900c3272f3041c4d1327c9d",
                "sha256:4dffd405390a45ecb95ab5ab1c1b847553c18b0ef8ed01e10c1c8b1a76452916",
                "sha256:6b899931a5648862c7b88c795eddff7588fb585e81cecce20f8d9da16eff96e0",
                "sha256:726c17f3e0d7a7200718c9a890ccfeab391c9133e363a577a44717c85c71db27",
                "sha256:760c12276fee05c36f95f8040180abc7fbebb9e5011447a97cdc289b5d6ab6fc",
                "sha256:796685d3969815a633827c818863ee199440696b0961e200b011d79b9394bbe7",
                "sha256:891fe897b49abb7db470c55664b198b1095e4943b9f82b7dcab317a19116cd38",
                "sha256:9277562f175d2334744ad297568677056861070399cec56ff06abbe2564d1232",
                "sha256:a471628e20f03dcdfde00770eeaf9c77811f0c331c8805219ca7b87ac17576c5",
                "sha256:a63b4fd3e2cabdcc9d918ed280bdde3e8e9641e04f3c59a2a3109644a07b9832",
                "sha256:ae88588d687bd476be588010cbbe551e9c2872b816f2da8f01f6f1fda74e1ef0",
                "sha256:b0b84408d4eabc6de9dd1e1e0bc63e7731e890c0b378a62443e5741cfd0ae90a",
                "sha256:be78485e5d5f3684e875dab60f40cddace2f5b2a8f7fede412358ab3214c3a6f",
                "sha256:c27eaed872185f047bb7f7da2d21a7d8913457678c9a100a50db6da890bc28b9",
                "sha256:c7fccd08b14aa437fe096c71c645c0f9be0655a9b1a4b7cffc77bcb23b3d61d2",
                "sha256:c81cb40bff373ab7a7446d6bbca0190bccc5be3448b47b51d729e37799bb5692",
                "sha256:d11874b3c33ee441059464711cd365b89fa1a9cf19ae75b0c189b01fbf735b84",
                "sha256:e9c028b5897901361d81a4718d1db217b716424a0283afe9d6735fe0caf70f79",
                "sha256:fe489d486cd00b739be826e8c1be188ddb74c7a1ca784d93d06fda882a6a1681"
            ],
            "index": "pypi",
            "version": "==4.4.1"
        },
        "more-itertools": {
            "hashes": [
                "sha256:6f83822ae94818eae2612063a5101a7311e68ae8002005b5e05f03fd74a86a20",
                "sha256:9b30f12df9393f0d28af9210ff8efe48d10c94f73e5daf886f10c4b0b0b4f03c"
            ],
            "version": "==8.5.0"
        },
        "motor": {
            "hashes": [
                "sha256:462fbb824f4289481c158227a2579d6adaf1ec7c70cf7ebe60ed6ceb321e5869",
                "sha256:d035c09ab422bc50bf3efb134f7405694cae76268545bd21e14fb22e2638f84e"
            ],
            "index": "pypi",
            "version": "==2.0.0"
        },
        "numpy": {
            "hashes": [
                "sha256:04c7d4ebc5ff93d9822075ddb1751ff392a4375e5885299445fcebf877f179d5",
                "sha256:0bfd85053d1e9f60234f28f63d4a5147ada7f432943c113a11afcf3e65d9d4c8",
                "sha256:0c66da1d202c52051625e55a249da35b31f65a81cb56e4c69af0dfb8fb0125bf",
                "sha256:0d310730e1e793527065ad7dde736197b705d0e4c9999775f212b03c44a8484c",
                "sha256:1669ec8e42f169ff715a904c9b2105b6640f3f2a4c4c2cb4920ae8b2785dac65",
                "sha256:2117536e968abb7357d34d754e3733b0d7113d4c9f1d921f21a3d96dec5ff716",
                "sha256:3733640466733441295b0d6d3dcbf8e1ffa7e897d4d82903169529fd3386919a",
                "sha256:4339741994c775396e1a274dba3609c69ab0f16056c1077f18979bec2a2c2e6e",
                "sha256:51ee93e1fac3fe08ef54ff1c7f329db64d8a9c5557e6c8e908be9497ac76374b",
                "sha256:54045b198aebf41bf6bf4088012777c1d11703bf74461d70cd350c0af2182e45",
                "sha256:58d66a6b3b55178a1f8a5fe98df26ace76260a70de694d99577ddeab7eaa9a9d",
                "sha256:59f3d687faea7a4f7f93bd9665e5b102f32f3fa28514f15b126f099b7997203d",
                "sha256:62139af94728d22350a571b7c82795b9d59be77fc162414ada6c8b6a10ef5d02",
                "sha256:7118f0a9f2f617f921ec7d278d981244ba83c85eea197be7c5a4f84af80a9c3c",
                "sha256:7c6646314291d8f5ea900a7ea9c4261f834b5b62159ba2abe3836f4fa6705526",
                "sha256:967c92435f0b3ba37a4257c48b8715b76741410467e2bdb1097e8391fccfae15",
                "sha256:9a3001248b9231ed73894c773142658bab914645261275f675d86c290c37f66d",
                "sha256:aba1d5daf1144b956bc87ffb87966791f5e9f3e1f6fab3d7f581db1f5b598f7a",
                "sha256:addaa551b298052c16885fc70408d3848d4e2e7352de4e7a1e13e691abc734c1",
                "sha256:b594f76771bc7fc8a044c5ba303427ee67c17a09b36e1fa32bde82f5c419d17a",
                "sha256:c35a01777f81e7333bcf276b605f39c872e28295441c265cd0c860f4b40148c1",
                "sha256:cebd4f4e64cfe87f2039e4725781f6326a61f095bc77b3716502bed812b385a9",
                "sha256:d526fa58ae4aead839161535d59ea9565863bb0b0bdb3cc63214613fb16aced4",
                "sha256:d7ac33585e1f09e7345aa902c281bd777fdb792432d27fca857f39b70e5dd31c",
                "sha256:e6ddbdc5113628f15de7e4911c02aed74a4ccff531842c583e5032f6e5a179bd",
                "sha256:eb25c381d168daf351147713f49c626030dcff7a393d5caa62515d415a6071d8"
            ],
            "version": "==1.19.2"
        },
        "packaging": {
            "hashes": [
                "sha256:4357f74f47b9c12db93624a82154e9b120fa8293699949152b22065d556079f8",
                "sha256:998416ba6962ae7fbd6596850b80e17859a5753ba17c32284f67bfff33784181"
            ],
            "version": "==20.4"
        },
        "pandas": {
            "hashes": [
                "sha256:18d91a9199d1dfaa01ad645f7540370ba630bdcef09daaf9edf45b4b1bca0232",
                "sha256:3f26e5da310a0c0b83ea50da1fd397de2640b02b424aa69be7e0784228f656c9",
                "sha256:4182e32f4456d2c64619e97c58571fa5ca0993d1e8c2d9ca44916185e1726e15",
                "sha256:426e590e2eb0e60f765271d668a30cf38b582eaae5ec9b31229c8c3c10c5bc21",
                "sha256:5eb934a8f0dc358f0e0cdf314072286bbac74e4c124b64371395e94644d5d919",
                "sha256:717928808043d3ea55b9bcde636d4a52d2236c246f6df464163a66ff59980ad8",
                "sha256:8145f97c5ed71827a6ec98ceaef35afed1377e2d19c4078f324d209ff253ecb5",
                "sha256:8744c84c914dcc59cbbb2943b32b7664df1039d99e834e1034a3372acb89ea4d",
                "sha256:c1ac1d9590d0c9314ebf01591bd40d4c03d710bfc84a3889e5263c97d7891dee",
                "sha256:cb2e197b7b0687becb026b84d3c242482f20cbb29a9981e43604eb67576da9f6",
                "sha256:d4001b71ad2c9b84ff18b182cea22b7b6cbf624216da3ea06fb7af28d1f93165",
                "sha256:d8930772adccb2882989ab1493fa74bd87d47c8ac7417f5dd3dd834ba8c24dc9",
                "sha256:dfbb0173ee2399bc4ed3caf2d236e5c0092f948aafd0a15fbe4a0e77ee61a958",
                "sha256:eebfbba048f4fa8ac711b22c78516e16ff8117d05a580e7eeef6b0c2be554c18",
                "sha256:f1b21bc5cf3dbea53d33615d1ead892dfdae9d7052fa8898083bec88be20dcd2"
            ],
            "index": "pypi",
            "version": "==0.25.1"
        },
        "parsel": {
            "hashes": [
                "sha256:70efef0b651a996cceebc69e55a85eb2233be0890959203ba7c3a03c72725c79",
                "sha256:9e1fa8db1c0b4a878bf34b35c043d89c9d1cbebc23b4d34dbc3c0ec33f2e087d"
            ],
            "version": "==1.6.0"
        },
        "pluggy": {
            "hashes": [
                "sha256:15b2acde666561e1298d71b523007ed7364de07029219b604cf808bfa1c765b0",
                "sha256:966c145cd83c96502c3c3868f50408687b38434af77734af1e9ca461a4081d2d"
            ],
            "version": "==0.13.1"
        },
        "psutil": {
            "hashes": [
                "sha256:028a1ec3c6197eadd11e7b46e8cc2f0720dc18ac6d7aabdb8e8c0d6c9704f000",
                "sha256:12542c3642909f4cd1928a2fba59e16fa27e47cbeea60928ebb62a8cbd1ce123",
                "sha256:503e4b20fa9d3342bcf58191bbc20a4a5ef79ca7df8972e6197cc14c5513e73d",
                "sha256:863a85c1c0a5103a12c05a35e59d336e1d665747e531256e061213e2e90f63f3",
                "sha256:954f782608bfef9ae9f78e660e065bd8ffcfaea780f9f2c8a133bb7cb9e826d7",
                "sha256:b6e08f965a305cd84c2d07409bc16fbef4417d67b70c53b299116c5b895e3f45",
                "sha256:bc96d437dfbb8865fc8828cf363450001cb04056bbdcdd6fc152c436c8a74c61",
                "sha256:cf49178021075d47c61c03c0229ac0c60d5e2830f8cab19e2d88e579b18cdb76",
                "sha256:d5350cb66690915d60f8b233180f1e49938756fb2d501c93c44f8fb5b970cc63",
                "sha256:eba238cf1989dfff7d483c029acb0ac4fcbfc15de295d682901f0e2497e6781a"
            ],
            "index": "pypi",
            "version": "==5.6.3"
        },
        "psycopg2": {
            "hashes": [
                "sha256:128d0fa910ada0157bba1cb74a9c5f92bb8a1dca77cf91a31eb274d1f889e001",
                "sha256:227fd46cf9b7255f07687e5bde454d7d67ae39ca77e170097cdef8ebfc30c323",
                "sha256:2315e7f104681d498ccf6fd70b0dba5bce65d60ac92171492bfe228e21dcc242",
                "sha256:4b5417dcd2999db0f5a891d54717cfaee33acc64f4772c4bc574d4ff95ed9d80",
                "sha256:640113ddc943522aaf71294e3f2d24013b0edd659b7820621492c9ebd3a2fb0b",
                "sha256:897a6e838319b4bf648a574afb6cabcb17d0488f8c7195100d48d872419f4457",
                "sha256:8dceca81409898c870e011c71179454962dec152a1a6b86a347f4be74b16d864",
                "sha256:b1b8e41da09a0c3ef0b3d4bb72da0dde2abebe583c1e8462973233fd5ad0235f",
                "sha256:cb407fccc12fc29dc331f2b934913405fa49b9b75af4f3a72d0f50f57ad2ca23",
                "sha256:d3a27550a8185e53b244ad7e79e307594b92fede8617d80200a8cce1fba2c60f",
                "sha256:f0e6b697a975d9d3ccd04135316c947dd82d841067c7800ccf622a8717e98df1"
            ],
            "index": "pypi",
            "version": "==2.8.3"
        },
        "py": {
            "hashes": [
                "sha256:366389d1db726cd2fcfc79732e75410e5fe4d31db13692115529d34069a043c2",
                "sha256:9ca6883ce56b4e8da7e79ac18787889fa5206c79dcc67fb065376cd2fe03f342"
            ],
            "version": "==1.9.0"
        },
        "py4j": {
            "hashes": [
                "sha256:51d994ae19a3eb35eaa45851081e25922500d59875606bf27ac0d40929724939",
                "sha256:8329bb156a0cf37be9642a2a060dbdb627b5fcb827919be65d95102daccca274"
            ],
            "index": "pypi",
            "version": "==0.10.8.1"
        },
        "pyasn1": {
            "hashes": [
                "sha256:39c7e2ec30515947ff4e87fb6f456dfc6e84857d34be479c9d4a4ba4bf46aa5d",
                "sha256:aef77c9fb94a3ac588e87841208bdec464471d9871bd5050a287cc9a475cd0ba"
            ],
            "version": "==0.4.8"
        },
        "pyasn1-modules": {
            "hashes": [
                "sha256:905f84c712230b2c592c19470d3ca8d552de726050d1d1716282a1f6146be65e",
                "sha256:a50b808ffeb97cb3601dd25981f6b016cbb3d31fbf57a8b8a87428e6158d0c74"
            ],
            "version": "==0.2.8"
        },
        "pycparser": {
            "hashes": [
                "sha256:2d475327684562c3a96cc71adf7dc8c4f0565175cf86b6d7a404ff4c771f15f0",
                "sha256:7582ad22678f0fcd81102833f60ef8d0e57288b6b5fb00323d101be910e35705"
            ],
            "version": "==2.20"
        },
        "pydispatcher": {
            "hashes": [
                "sha256:5570069e1b1769af1fe481de6dd1d3a388492acddd2cdad7a3bde145615d5caf",
                "sha256:5be4a8be12805ef7d712dd9a93284fb8bc53f309867e573f653a72e5fd10e433"
            ],
            "version": "==2.0.5"
        },
        "pyhamcrest": {
            "hashes": [
                "sha256:412e00137858f04bde0729913874a48485665f2d36fe9ee449f26be864af9316",
                "sha256:7ead136e03655af85069b6f47b23eb7c3e5c221aa9f022a4fbb499f5b7308f29"
            ],
            "version": "==2.0.2"
        },
        "pymongo": {
            "hashes": [
                "sha256:03dc64a9aa7a5d405aea5c56db95835f6a2fa31b3502c5af1760e0e99210be30",
                "sha256:05fcc6f9c60e6efe5219fbb5a30258adb3d3e5cbd317068f3d73c09727f2abb6",
                "sha256:076a7f2f7c251635cf6116ac8e45eefac77758ee5a77ab7bd2f63999e957613b",
                "sha256:137e6fa718c7eff270dbd2fc4b90d94b1a69c9e9eb3f3de9e850a7fd33c822dc",
                "sha256:1f865b1d1c191d785106f54df9abdc7d2f45a946b45fd1ea0a641b4f982a2a77",
                "sha256:213c445fe7e654621c6309e874627c35354b46ef3ee807f5a1927dc4b30e1a67",
                "sha256:25e617daf47d8dfd4e152c880cd0741cbdb48e51f54b8de9ddbfe74ecd87dd16",
                "sha256:3d9bb1ba935a90ec4809a8031efd988bdb13cdba05d9e9a3e9bf151bf759ecde",
                "sha256:40696a9a53faa7d85aaa6fd7bef1cae08f7882640bad08c350fb59dee7ad069b",
                "sha256:421aa1b92c291c429668bd8d8d8ec2bd00f183483a756928e3afbf2b6f941f00",
                "sha256:4437300eb3a5e9cc1a73b07d22c77302f872f339caca97e9bf8cf45eca8fa0d2",
                "sha256:455f4deb00158d5ec8b1d3092df6abb681b225774ab8a59b3510293b4c8530e3",
                "sha256:475a34a0745c456ceffaec4ce86b7e0983478f1b6140890dff7b161e7bcd895b",
                "sha256:4797c0080f41eba90404335e5ded3aa66731d303293a675ff097ce4ea3025bb9",
                "sha256:4ae23fbbe9eadf61279a26eba866bbf161a6f7e2ffad14a42cf20e9cb8e94166",
                "sha256:4b32744901ee9990aa8cd488ec85634f443526def1e5190a407dc107148249d7",
                "sha256:50127b13b38e8e586d5e97d342689405edbd74ad0bd891d97ee126a8c7b6e45f",
                "sha256:50531caa7b4be1c4ed5e2d5793a4e51cc9bd62a919a6fd3299ef7c902e206eab",
                "sha256:68220b81850de8e966d4667d5c325a96c6ac0d6adb3d18935d6e3d325d441f48",
                "sha256:689142dc0c150e9cb7c012d84cac2c346d40beb891323afb6caf18ec4caafae0",
                "sha256:6a15e2bee5c4188369a87ed6f02de804651152634a46cca91966a11c8abd2550",
                "sha256:7122ffe597b531fb065d3314e704a6fe152b81820ca5f38543e70ffcc95ecfd4",
                "sha256:7307024b18266b302f4265da84bb1effb5d18999ef35b30d17592959568d5c0a",
                "sha256:7a4a6f5b818988a3917ec4baa91d1143242bdfece8d38305020463955961266a",
                "sha256:83c5a3ecd96a9f3f11cfe6dfcbcec7323265340eb24cc996acaecea129865a3a",
                "sha256:890b0f1e18dbd898aeb0ab9eae1ab159c6bcbe87f0abb065b0044581d8614062",
                "sha256:8deda1f7b4c03242f2a8037706d9584e703f3d8c74d6d9cac5833db36fe16c42",
                "sha256:8ea13d0348b4c96b437d944d7068d59ed4a6c98aaa6c40d8537a2981313f1c66",
                "sha256:91e96bf85b7c07c827d339a386e8a3cf2e90ef098c42595227f729922d0851df",
                "sha256:96782ebb3c9e91e174c333208b272ea144ed2a684413afb1038e3b3342230d72",
                "sha256:9755c726aa6788f076114dfdc03b92b03ff8860316cca00902cce88bcdb5fedd",
                "sha256:9dbab90c348c512e03f146e93a5e2610acec76df391043ecd46b6b775d5397e6",
                "sha256:9ee0eef254e340cc11c379f797af3977992a7f2c176f1a658740c94bf677e13c",
                "sha256:9fc17fdac8f1973850d42e51e8ba6149d93b1993ed6768a24f352f926dd3d587",
                "sha256:a2787319dc69854acdfd6452e6a8ba8f929aeb20843c7f090e04159fc18e6245",
                "sha256:b7c522292407fa04d8195032493aac937e253ad9ae524aab43b9d9d242571f03",
                "sha256:bd312794f51e37dcf77f013d40650fe4fbb211dd55ef2863839c37480bd44369",
                "sha256:c0d660a186e36c526366edf8a64391874fe53cf8b7039224137aee0163c046df",
                "sha256:c4869141e20769b65d2d72686e7a7eb141ce9f3168106bed3e7dcced54eb2422",
                "sha256:cc4057f692ac35bbe82a0a908d42ce3a281c9e913290fac37d7fa3bd01307dfb",
                "sha256:cccf1e7806f12300e3a3b48f219e111000c2538483e85c869c35c1ae591e6ce9",
                "sha256:ce208f80f398522e49d9db789065c8ad2cd37b21bd6b23d30053474b7416af11",
                "sha256:d0565481dc196986c484a7fb13214fc6402201f7fb55c65fd215b3324962fe6c",
                "sha256:d1b3366329c45a474b3bbc9b9c95d4c686e03f35da7fd12bc144626d1f2a7c04",
                "sha256:d226e0d4b9192d95079a9a29c04dd81816b1ce8903b8c174a39224fe978547cb",
                "sha256:d38b35f6eef4237b1d0d8e845fc1546dad85c55eba447e28c211da8c7ef9697c",
                "sha256:d64c98277ea80e4484f1332ab107e8dfd173a7dcf1bdbf10a9cccc97aaab145f",
                "sha256:d9de8427a5601799784eb0e7fa1b031aa64086ce04de29df775a8ca37eedac41",
                "sha256:e6a15cf8f887d9f578dd49c6fb3a99d53e1d922fdd67a245a67488d77bf56eb2",
                "sha256:e8c446882cbb3774cd78c738c9f58220606b702b7c1655f1423357dc51674054",
                "sha256:e8d188ee39bd0ffe76603da887706e4e7b471f613625899ddf1e27867dc6a0d3",
                "sha256:ef76535776c0708a85258f6dc51d36a2df12633c735f6d197ed7dfcaa7449b99",
                "sha256:f6efca006a81e1197b925a7d7b16b8f61980697bb6746587aad8842865233218"
            ],
            "version": "==3.11.0"
        },
        "pyopenssl": {
            "hashes": [
                "sha256:621880965a720b8ece2f1b2f54ea2071966ab00e2970ad2ce11d596102063504",
                "sha256:9a24494b2602aaf402be5c9e30a0b82d4a5c67528fe8fb475e3f3bc00dd69507"
            ],
            "version": "==19.1.0"
        },
        "pyparsing": {
            "hashes": [
                "sha256:c203ec8783bf771a155b207279b9bccb8dea02d8f0c9e5f8ead507bc3246ecc1",
                "sha256:ef9d7589ef3c200abe66653d3f1ab1033c3c419ae9b9bdb1240a85b024efc88b"
            ],
            "version": "==2.4.7"
        },
        "pytest": {
            "hashes": [
                "sha256:7e4800063ccfc306a53c461442526c5571e1462f61583506ce97e4da6a1d88c8",
                "sha256:ca563435f4941d0cb34767301c27bc65c510cb82e90b9ecf9cb52dc2c63caaa0"
            ],
            "index": "pypi",
            "version": "==5.2.1"
        },
        "python-dateutil": {
            "hashes": [
                "sha256:73ebfe9dbf22e832286dafa60473e4cd239f8592f699aa5adaf10050e6e1823c",
                "sha256:75bb3f31ea686f1197762692a9ee6a7550b59fc6ca3a1f4b5d7e32fb98e2da2a"
            ],
            "version": "==2.8.1"
        },
        "pytz": {
            "hashes": [
                "sha256:a494d53b6d39c3c6e44c3bec237336e14305e4f29bbf800b599253057fbb79ed",
                "sha256:c35965d010ce31b23eeb663ed3cc8c906275d6be1a34393a1d73a41febf4a048"
            ],
            "version": "==2020.1"
        },
        "queuelib": {
            "hashes": [
                "sha256:42b413295551bdc24ed9376c1a2cd7d0b1b0fa4746b77b27ca2b797a276a1a17",
                "sha256:ff43b5b74b9266f8df4232a8f768dc4d67281a271905e2ed4a3689d4d304cd02"
            ],
            "version": "==1.5.0"
        },
        "redis": {
            "hashes": [
                "sha256:3613daad9ce5951e426f460deddd5caf469e08a3af633e9578fc77d362becf62",
                "sha256:8d0fc278d3f5e1249967cba2eb4a5632d19e45ce5c09442b8422d15ee2c22cc2"
            ],
            "index": "pypi",
            "version": "==3.3.11"
        },
        "requests": {
            "hashes": [
                "sha256:11e007a8a2aa0323f5a921e9e6a2d7e4e67d9877e85773fba9ba6419025cbeb4",
                "sha256:9cf5292fcd0f598c671cfc1e0d7d1a7f13bb8085e9a590f48c010551dc6c4b31"
            ],
            "index": "pypi",
            "version": "==2.22.0"
        },
        "scrapy": {
            "hashes": [
                "sha256:1d2b2672049c3e7ebcab9736bbf759ec32d4cbf598292067737806453c208f95",
                "sha256:fe5a40177960e97d42d1c752a73edb40f76a85a24076dec8535cffa499eb08c8"
            ],
            "index": "pypi",
            "version": "==1.7.3"
        },
        "scrapy-redis": {
            "hashes": [
                "sha256:1508dfb29141a7eb562e303a12d2733fd490dee866f7fabe3bee3e5c5bef6df8",
                "sha256:b6991f2c0b2a72cd211296756acd03b9a7695fc437f5adbc3770d2e035979707"
            ],
            "index": "pypi",
            "version": "==0.6.8"
        },
        "service-identity": {
            "hashes": [
                "sha256:001c0707759cb3de7e49c078a7c0c9cd12594161d3bf06b9c254fdcb1a60dc36",
                "sha256:0858a54aabc5b459d1aafa8a518ed2081a285087f349fe3e55197989232e2e2d"
            ],
            "version": "==18.1.0"
        },
        "six": {
            "hashes": [
                "sha256:30639c035cdb23534cd4aa2dd52c3bf48f06e5f4a941509c8bafd8ce11080259",
                "sha256:8b74bedcbbbaca38ff6d7491d76f2b06b3592611af620f8426e82dddb04a5ced"
            ],
            "version": "==1.15.0"
        },
        "twisted": {
            "hashes": [
                "sha256:040eb6641125d2a9a09cf198ec7b83dd8858c6f51f6770325ed9959c00f5098f",
                "sha256:147780b8caf21ba2aef3688628eaf13d7e7fe02a86747cd54bfaf2140538f042",
                "sha256:158ddb80719a4813d292293ac44ba41d8b56555ed009d90994a278237ee63d2c",
                "sha256:2182000d6ffc05d269e6c03bfcec8b57e20259ca1086180edaedec3f1e689292",
                "sha256:25ffcf37944bdad4a99981bc74006d735a678d2b5c193781254fbbb6d69e3b22",
                "sha256:3281d9ce889f7b21bdb73658e887141aa45a102baf3b2320eafcfba954fcefec",
                "sha256:356e8d8dd3590e790e3dba4db139eb8a17aca64b46629c622e1b1597a4a92478",
                "sha256:70952c56e4965b9f53b180daecf20a9595cf22b8d0935cd3bd664c90273c3ab2",
                "sha256:7408c6635ee1b96587289283ebe90ee15dbf9614b05857b446055116bc822d29",
                "sha256:7c547fd0215db9da8a1bc23182b309e84a232364cc26d829e9ee196ce840b114",
                "sha256:894f6f3cfa57a15ea0d0714e4283913a5f2511dbd18653dd148eba53b3919797",
                "sha256:94ac3d55a58c90e2075c5fe1853f2aa3892b73e3bf56395f743aefde8605eeaa",
                "sha256:a58e61a2a01e5bcbe3b575c0099a2bcb8d70a75b1a087338e0c48dd6e01a5f15",
                "sha256:c09c47ff9750a8e3aa60ad169c4b95006d455a29b80ad0901f031a103b2991cd",
                "sha256:ca3a0b8c9110800e576d89b5337373e52018b41069bc879f12fa42b7eb2d0274",
                "sha256:cd1dc5c85b58494138a3917752b54bb1daa0045d234b7c132c37a61d5483ebad",
                "sha256:cdbc4c7f0cd7a2218b575844e970f05a1be1861c607b0e048c9bceca0c4d42f7",
                "sha256:d267125cc0f1e8a0eed6319ba4ac7477da9b78a535601c49ecd20c875576433a",
                "sha256:d72c55b5d56e176563b91d11952d13b01af8725c623e498db5507b6614fc1e10",
                "sha256:d95803193561a243cb0401b0567c6b7987d3f2a67046770e1dccd1c9e49a9780",
                "sha256:e92703bed0cc21d6cb5c61d66922b3b1564015ca8a51325bd164a5e33798d504",
                "sha256:f058bd0168271de4dcdc39845b52dd0a4a2fecf5f1246335f13f5e96eaebb467",
                "sha256:f3c19e5bd42bbe4bf345704ad7c326c74d3fd7a1b3844987853bef180be638d4"
            ],
            "markers": "python_version != '3.4'",
            "version": "==20.3.0"
        },
        "urllib3": {
            "hashes": [
                "sha256:8d7eaa5a82a1cac232164990f04874c594c9453ec55eef02eab885aa02fc17a2",
                "sha256:f5321fbe4bf3fefa0efd0bfe7fb14e90909eb62a48ccda331726b4319897dd5e"
            ],
            "version": "==1.25.11"
        },
        "w3lib": {
            "hashes": [
                "sha256:0161d55537063e00d95a241663ede3395c4c6d7b777972ba2fd58bbab2001e53",
                "sha256:0ad6d0203157d61149fd45aaed2e24f53902989c32fc1dccc2e2bfba371560df"
            ],
            "version": "==1.22.0"
        },
        "wcwidth": {
            "hashes": [
                "sha256:beb4802a9cebb9144e99086eff703a642a13d6a0052920003a230f3294bbe784",
                "sha256:c4d647b99872929fdb7bdcaa4fbe7f01413ed3d98077df798530e5b04f116c83"
            ],
            "version": "==0.2.5"
        },
        "yapf": {
            "hashes": [
                "sha256:02ace10a00fa2e36c7ebd1df2ead91dbfbd7989686dc4ccbdc549e95d19f5780",
                "sha256:6f94b6a176a7c114cfa6bad86d40f259bbe0f10cf2fa7f2f4b3596fc5802a41b"
            ],
            "index": "pypi",
            "version": "==0.28.0"
        },
        "zipp": {
            "hashes": [
                "sha256:102c24ef8f171fd729d46599845e95c7ab894a4cf45f5de11a44cc7444fb1108",
                "sha256:ed5eee1974372595f9e416cc7bbeeb12335201d8081ca8a0743c954d4446e5cb"
            ],
            "version": "==3.4.0"
        },
        "zope.interface": {
            "hashes": [
                "sha256:040f833694496065147e76581c0bf32b229a8b8c5eda120a0293afb008222387",
                "sha256:11198b44e4a3d8c7a80cc20bbdd65522258a4d82fe467cd310c9fcce8ffe2ed2",
                "sha256:121a9dccfe0c34be9c33b2c28225f0284f9b8e090580ffdff26c38fa16c7ffe1",
                "sha256:15f3082575e7e19581a80b866664f843719b647a7f7189c811ba7f9ab3309f83",
                "sha256:1d73d8986f948525536956ddd902e8a587a6846ebf4492117db16daba2865ddf",
                "sha256:208e82f73b242275b8566ac07a25158e7b21fa2f14e642a7881048430612d1a6",
                "sha256:2557833df892558123d791d6ff80ac4a2a0351f69c7421c7d5f0c07db72c8865",
                "sha256:25ea6906f9987d42546329d06f9750e69f0ee62307a2e7092955ed0758e64f09",
                "sha256:2c867914f7608674a555ac8daf20265644ac7be709e1da7d818089eebdfe544e",
                "sha256:2eadac20711a795d3bb7a2bfc87c04091cb5274d9c3281b43088a1227099b662",
                "sha256:37999d5ebd5d7bcd32438b725ca3470df05a7de8b1e9c0395bef24296b31ca99",
                "sha256:3ae8946d51789779f76e4fa326fd6676d8c19c1c3b4c4c5e9342807185264875",
                "sha256:5636cd7e60583b1608044ae4405e91575399430e66a5e1812f4bf30bcc55864e",
                "sha256:570e637cb6509998555f7e4af13006d89fad6c09cfc5c4795855385391063e4b",
                "sha256:590a40447ff3803c44050ce3c17c3958f11ca028dae3eacdd7b96775184394fa",
                "sha256:5aab51b9c1af1b8a84f40aa49ffe1684d41810b18d6c3e94aa50194e0a563f01",
                "sha256:5ffe4e0753393bcbcfc9a58133ed3d3a584634cc7cc2e667f8e3e6fbcbb2155d",
                "sha256:663982381bd428a275a841009e52983cc69c471a4979ce01344fadbf72cf353d",
                "sha256:6d06bf8e24dd6c473c4fbd8e16a83bd2e6d74add6ba25169043deb46d497b211",
                "sha256:6e5b9a4bf133cf1887b4a04c21c10ca9f548114f19c83957b2820d5c84254940",
                "sha256:70a2aed9615645bbe9d82c0f52bc7e676d2c0f8a63933d68418e0cb307f30536",
                "sha256:7750746421c4395e3d2cc3d805919f4f57bb9f2a9a0ccd955566a9341050a1b4",
                "sha256:7fc8708bc996e50fc7a9a2ad394e1f015348e389da26789fa6916630237143d7",
                "sha256:91abd2f080065a7c007540f6bbd93ef7bdbbffa6df4a4cfab3892d8623b83c98",
                "sha256:988f8b2281f3d95c66c01bdb141cefef1cc97db0d473c25c3fe2927ef00293b9",
                "sha256:9f56121d8a676802044584e6cc41250bbcde069d8adf725b9b817a6b0fd87f09",
                "sha256:a0f51536ce6e817a7aa25b0dca8b62feb210d4dc22cabfe8d1a92d47979372cd",
                "sha256:a1cdd7390d7f66ddcebf545203ca3728c4890d605f9f2697bc8e31437906e8e7",
                "sha256:b10eb4d0a77609679bf5f23708e20b1cd461a1643bd8ea42b1ca4149b1a5406c",
                "sha256:b274ac8e511b55ffb62e8292316bd2baa80c10e9fe811b1aa5ce81da6b6697d8",
                "sha256:c75b502af2c83fcfa2ee9c2257c1ba5806634a91a50db6129ff70e67c42c7e7b",
                "sha256:c9c8e53a5472b77f6a391b515c771105011f4b40740ce53af8428d1c8ca20004",
                "sha256:d867998a56c5133b9d31992beb699892e33b72150a8bf40f86cb52b8c606c83f",
                "sha256:eb566cab630ec176b2d6115ed08b2cf4d921b47caa7f02cca1b4a9525223ee94",
                "sha256:f61e6b95b414431ffe9dc460928fe9f351095fde074e2c2f5c6dda7b67a2192d",
                "sha256:f718675fd071bcce4f7cbf9250cbaaf64e2e91ef1b0b32a1af596e7412647556",
                "sha256:f9d4bfbd015e4b80dbad11c97049975f94592a6a0440e903ee647309f6252a1f",
                "sha256:fae50fc12a5e8541f6f1cc4ed744ca8f76a9543876cf63f618fb0e6aca8f8375",
                "sha256:fcf9c8edda7f7b2fd78069e97f4197815df5e871ec47b0f22580d330c6dec561",
                "sha256:fdedce3bc5360bd29d4bb90396e8d4d3c09af49bc0383909fe84c7233c5ee675"
            ],
            "version": "==5.1.2"
        }
    },
    "develop": {}
}
